
Microsoft Visual Studio Solution File, Format Version 12.00
# Visual Studio Version 17
VisualStudioVersion = 17.2.32630.192
MinimumVisualStudioVersion = 10.0.40219.1
Project("{FAE04EC0-301F-11D3-BF4B-00C04F79EFBC}") = "OfficialCeisaLite", "OfficialCeisaLite.csproj", "{28AC15E4-96FC-486C-9468-EB43D313CB03}"
EndProject
Project("{FAE04EC0-301F-11D3-BF4B-00C04F79EFBC}") = "ServiceCreateXML", "ServiceCreateXML\ServiceCreateXML.csproj", "{8B37DDAF-D01C-497E-8014-EE5E296DA982}"
EndProject
Global
	GlobalSection(SolutionConfigurationPlatforms) = preSolution
		Debug|Any CPU = Debug|Any CPU
		Release|Any CPU = Release|Any CPU
	EndGlobalSection
	GlobalSection(ProjectConfigurationPlatforms) = postSolution
		{28AC15E4-96FC-486C-9468-EB43D313CB03}.Debug|Any CPU.ActiveCfg = Debug|Any CPU
		{28AC15E4-96FC-486C-9468-EB43D313CB03}.Debug|Any CPU.Build.0 = Debug|Any CPU
		{28AC15E4-96FC-486C-9468-EB43D313CB03}.Release|Any CPU.ActiveCfg = Release|Any CPU
		{28AC15E4-96FC-486C-9468-EB43D313CB03}.Release|Any CPU.Build.0 = Release|Any CPU
		{8B37DDAF-D01C-497E-8014-EE5E296DA982}.Debug|Any CPU.ActiveCfg = Debug|Any CPU
		{8B37DDAF-D01C-497E-8014-EE5E296DA982}.Debug|Any CPU.Build.0 = Debug|Any CPU
		{8B37DDAF-D01C-497E-8014-EE5E296DA982}.Release|Any CPU.ActiveCfg = Release|Any CPU
		{8B37DDAF-D01C-497E-8014-EE5E296DA982}.Release|Any CPU.Build.0 = Release|Any CPU
	EndGlobalSection
	GlobalSection(SolutionProperties) = preSolution
		HideSolutionNode = FALSE
	EndGlobalSection
	GlobalSection(ExtensibilityGlobals) = postSolution
		SolutionGuid = {554AEB3A-3731-44E8-8B98-000527858372}
	EndGlobalSection
EndGlobal
